
Microsoft Visual Studio Solution File, Format Version 12.00
# Visual Studio 15
VisualStudioVersion = 15.0.26730.16
MinimumVisualStudioVersion = 10.0.40219.1
Project("{2150E333-8FDC-42A3-9474-1A3956D46DE8}") = "Week03", "Week03", "{6002DFAD-05E5-4689-9137-F473F1525494}"
EndProject
Project("{FAE04EC0-301F-11D3-BF4B-00C04F79EFBC}") = "CalculatorDemo", "CalculatorDemo\CalculatorDemo.csproj", "{ED640D1B-8EA7-498E-9185-FB4D525C985E}"
EndProject
Project("{FAE04EC0-301F-11D3-BF4B-00C04F79EFBC}") = "DataEntry", "DataEntry\DataEntry.csproj", "{B4816DB2-F647-4FB3-A212-84D792A585A2}"
EndProject
Project("{FAE04EC0-301F-11D3-BF4B-00C04F79EFBC}") = "LayoutDemo", "LayoutDemo\LayoutDemo.csproj", "{4C364392-8487-40DC-B19E-D7D2AADAD55D}"
EndProject
Global
	GlobalSection(SolutionConfigurationPlatforms) = preSolution
		Debug|Any CPU = Debug|Any CPU
		Release|Any CPU = Release|Any CPU
	EndGlobalSection
	GlobalSection(ProjectConfigurationPlatforms) = postSolution
		{ED640D1B-8EA7-498E-9185-FB4D525C985E}.Debug|Any CPU.ActiveCfg = Debug|Any CPU
		{ED640D1B-8EA7-498E-9185-FB4D525C985E}.Debug|Any CPU.Build.0 = Debug|Any CPU
		{ED640D1B-8EA7-498E-9185-FB4D525C985E}.Release|Any CPU.ActiveCfg = Release|Any CPU
		{ED640D1B-8EA7-498E-9185-FB4D525C985E}.Release|Any CPU.Build.0 = Release|Any CPU
		{B4816DB2-F647-4FB3-A212-84D792A585A2}.Debug|Any CPU.ActiveCfg = Debug|Any CPU
		{B4816DB2-F647-4FB3-A212-84D792A585A2}.Debug|Any CPU.Build.0 = Debug|Any CPU
		{B4816DB2-F647-4FB3-A212-84D792A585A2}.Release|Any CPU.ActiveCfg = Release|Any CPU
		{B4816DB2-F647-4FB3-A212-84D792A585A2}.Release|Any CPU.Build.0 = Release|Any CPU
		{4C364392-8487-40DC-B19E-D7D2AADAD55D}.Debug|Any CPU.ActiveCfg = Debug|Any CPU
		{4C364392-8487-40DC-B19E-D7D2AADAD55D}.Debug|Any CPU.Build.0 = Debug|Any CPU
		{4C364392-8487-40DC-B19E-D7D2AADAD55D}.Release|Any CPU.ActiveCfg = Release|Any CPU
		{4C364392-8487-40DC-B19E-D7D2AADAD55D}.Release|Any CPU.Build.0 = Release|Any CPU
	EndGlobalSection
	GlobalSection(SolutionProperties) = preSolution
		HideSolutionNode = FALSE
	EndGlobalSection
	GlobalSection(NestedProjects) = preSolution
		{ED640D1B-8EA7-498E-9185-FB4D525C985E} = {6002DFAD-05E5-4689-9137-F473F1525494}
		{B4816DB2-F647-4FB3-A212-84D792A585A2} = {6002DFAD-05E5-4689-9137-F473F1525494}
	EndGlobalSection
	GlobalSection(ExtensibilityGlobals) = postSolution
		SolutionGuid = {ADC507B6-7906-4E2F-BB83-454F96B70723}
	EndGlobalSection
EndGlobal
